Microsoft Visual Studio Solution File, Format Version 12.00
# Visual Studio Version 17
VisualStudioVersion = 17.10.35013.160
MinimumVisualStudioVersion = 10.0.40219.1
Project("{9A19103F-16F7-4668-BE54-9A1E7A4F7556}") = "AeroCapture", "src\AeroCapture\AeroCapture.csproj", "{B887D942-D6D2-4731-92F6-96F4B78A4B61}"
EndProject
Global
	GlobalSection(SolutionConfigurationPlatforms) = preSolution
		Debug|x64 = Debug|x64
		Release|x64 = Release|x64
	EndGlobalSection
	GlobalSection(ProjectConfigurationPlatforms) = postSolution
		{B887D942-D6D2-4731-92F6-96F4B78A4B61}.Debug|x64.ActiveCfg = Debug|x64
		{B887D942-D6D2-4731-92F6-96F4B78A4B61}.Debug|x64.Build.0 = Debug|x64
		{B887D942-D6D2-4731-92F6-96F4B78A4B61}.Debug|x64.Deploy.0 = Debug|x64
		{B887D942-D6D2-4731-92F6-96F4B78A4B61}.Release|x64.ActiveCfg = Release|x64
		{B887D942-D6D2-4731-92F6-96F4B78A4B61}.Release|x64.Build.0 = Release|x64
		{B887D942-D6D2-4731-92F6-96F4B78A4B61}.Release|x64.Deploy.0 = Release|x64
	EndGlobalSection
	GlobalSection(SolutionProperties) = preSolution
		HideSolutionNode = FALSE
	EndGlobalSection
	GlobalSection(ExtensibilityGlobals) = postSolution
		SolutionGuid = {4FE0DC85-356C-493F-91C7-ED0F7A5EE591}
	EndGlobalSection
EndGlobal
